
Microsoft Visual Studio Solution File, Format Version 12.00
# Visual Studio Version 17
VisualStudioVersion = 17.5.002.0
MinimumVisualStudioVersion = 10.0.40219.1
Project("{9A19103F-16F7-4668-BE54-9A1E7A4F7556}") = "ApiGateway", "ApiGateway.csproj", "{1985F9CF-6675-4A60-8BD5-3ADDD9086F44}"
EndProject
Global
	GlobalSection(SolutionConfigurationPlatforms) = preSolution
		Debug|Any CPU = Debug|Any CPU
		Release|Any CPU = Release|Any CPU
	EndGlobalSection
	GlobalSection(ProjectConfigurationPlatforms) = postSolution
		{1985F9CF-6675-4A60-8BD5-3ADDD9086F44}.Debug|Any CPU.ActiveCfg = Debug|Any CPU
		{1985F9CF-6675-4A60-8BD5-3ADDD9086F44}.Debug|Any CPU.Build.0 = Debug|Any CPU
		{1985F9CF-6675-4A60-8BD5-3ADDD9086F44}.Release|Any CPU.ActiveCfg = Release|Any CPU
		{1985F9CF-6675-4A60-8BD5-3ADDD9086F44}.Release|Any CPU.Build.0 = Release|Any CPU
	EndGlobalSection
	GlobalSection(SolutionProperties) = preSolution
		HideSolutionNode = FALSE
	EndGlobalSection
	GlobalSection(ExtensibilityGlobals) = postSolution
		SolutionGuid = {E78D7CB2-066E-415F-8A95-3B122D82F762}
	EndGlobalSection
EndGlobal
